
Microsoft Visual Studio Solution File, Format Version 12.00
# Visual Studio Version 17
VisualStudioVersion = 17.9.34728.123
MinimumVisualStudioVersion = 10.0.40219.1
Project("{FAE04EC0-301F-11D3-BF4B-00C04F79EFBC}") = "QuanLyLuanVan", "QuanLyLuanVan\QuanLyLuanVan.csproj", "{C1CA185C-5C5D-4AD7-9A59-E11491B098A7}"
EndProject
Project("{FAE04EC0-301F-11D3-BF4B-00C04F79EFBC}") = "Models", "Models\Models.csproj", "{7A645088-1F51-4DB4-BBC9-C42741CC2434}"
EndProject
Global
	GlobalSection(SolutionConfigurationPlatforms) = preSolution
		Debug|Any CPU = Debug|Any CPU
		Release|Any CPU = Release|Any CPU
	EndGlobalSection
	GlobalSection(ProjectConfigurationPlatforms) = postSolution
		{C1CA185C-5C5D-4AD7-9A59-E11491B098A7}.Debug|Any CPU.ActiveCfg = Debug|Any CPU
		{C1CA185C-5C5D-4AD7-9A59-E11491B098A7}.Debug|Any CPU.Build.0 = Debug|Any CPU
		{C1CA185C-5C5D-4AD7-9A59-E11491B098A7}.Release|Any CPU.ActiveCfg = Release|Any CPU
		{C1CA185C-5C5D-4AD7-9A59-E11491B098A7}.Release|Any CPU.Build.0 = Release|Any CPU
		{7A645088-1F51-4DB4-BBC9-C42741CC2434}.Debug|Any CPU.ActiveCfg = Debug|Any CPU
		{7A645088-1F51-4DB4-BBC9-C42741CC2434}.Debug|Any CPU.Build.0 = Debug|Any CPU
		{7A645088-1F51-4DB4-BBC9-C42741CC2434}.Release|Any CPU.ActiveCfg = Release|Any CPU
		{7A645088-1F51-4DB4-BBC9-C42741CC2434}.Release|Any CPU.Build.0 = Release|Any CPU
	EndGlobalSection
	GlobalSection(SolutionProperties) = preSolution
		HideSolutionNode = FALSE
	EndGlobalSection
	GlobalSection(ExtensibilityGlobals) = postSolution
		SolutionGuid = {036D3445-6480-44CB-8309-3573DD057CFF}
	EndGlobalSection
EndGlobal
